lockfileVersion: 5.4

specifiers:
  surrealdb.js: ^0.6.0

dependencies:
  surrealdb.js: 0.6.0

packages:

  /isomorphic-ws/5.0.0_ws@8.13.0:
    resolution: {integrity: sha512-muId7Zzn9ywDsyXgTIafTry2sV3nySZeUDe6YedVd1Hvuuep5AsIlqK+XefWpYTyJG5e503F2xIuT2lcU6rCSw==}
    peerDependencies:
      ws: '*'
    dependencies:
      ws: 8.13.0
    dev: false

  /surrealdb.js/0.6.0:
    resolution: {integrity: sha512-vwHUhSvqJXJLNgMEX6A9PMRQLltUwMv8LCByA0adIpdvf2U4BO3ozOm0yc9876L2C4+xrvIVpk5bi+9k5Lc9ng==}
    dependencies:
      isomorphic-ws: 5.0.0_ws@8.13.0
      ws: 8.13.0
    transitivePeerDependencies:
      - bufferutil
      - utf-8-validate
    dev: false

  /ws/8.13.0:
    resolution: {integrity: sha512-x9vcZYTrFPC7aSIbj7sRCYo7L/Xb8Iy+pW0ng0wt2vCJv7M9HOMy0UoN3rr+IFC7hb7vXoqS+P9ktyLLLhO+LA==}
    engines: {node: '>=10.0.0'}
    peerDependencies:
      bufferutil: ^4.0.1
      utf-8-validate: '>=5.0.2'
    peerDependenciesMeta:
      bufferutil:
        optional: true
      utf-8-validate:
        optional: true
    dev: false
